
Microsoft Visual Studio Solution File, Format Version 11.00
# Visual Studio 2010
Project("{FAE04EC0-301F-11D3-BF4B-00C04F79EFBC}") = "RoutingServer", "RoutingServer\RoutingServer.csproj", "{9E8599D7-B82A-4204-A1A6-B89BCEC6F0E3}"
EndProject
Project("{FAE04EC0-301F-11D3-BF4B-00C04F79EFBC}") = "Service1", "Service1\Service1.csproj", "{87B5AC6D-4D1C-4236-8AEE-3D0730337530}"
EndProject
Global
	GlobalSection(SolutionConfigurationPlatforms) = preSolution
		Debug|Any CPU = Debug|Any CPU
		Debug|Mixed Platforms = Debug|Mixed Platforms
		Debug|x86 = Debug|x86
		Release|Any CPU = Release|Any CPU
		Release|Mixed Platforms = Release|Mixed Platforms
		Release|x86 = Release|x86
	EndGlobalSection
	GlobalSection(ProjectConfigurationPlatforms) = postSolution
		{9E8599D7-B82A-4204-A1A6-B89BCEC6F0E3}.Debug|Any CPU.ActiveCfg = Debug|x86
		{9E8599D7-B82A-4204-A1A6-B89BCEC6F0E3}.Debug|Mixed Platforms.ActiveCfg = Debug|x86
		{9E8599D7-B82A-4204-A1A6-B89BCEC6F0E3}.Debug|Mixed Platforms.Build.0 = Debug|x86
		{9E8599D7-B82A-4204-A1A6-B89BCEC6F0E3}.Debug|x86.ActiveCfg = Debug|x86
		{9E8599D7-B82A-4204-A1A6-B89BCEC6F0E3}.Debug|x86.Build.0 = Debug|x86
		{9E8599D7-B82A-4204-A1A6-B89BCEC6F0E3}.Release|Any CPU.ActiveCfg = Release|x86
		{9E8599D7-B82A-4204-A1A6-B89BCEC6F0E3}.Release|Mixed Platforms.ActiveCfg = Release|x86
		{9E8599D7-B82A-4204-A1A6-B89BCEC6F0E3}.Release|Mixed Platforms.Build.0 = Release|x86
		{9E8599D7-B82A-4204-A1A6-B89BCEC6F0E3}.Release|x86.ActiveCfg = Release|x86
		{9E8599D7-B82A-4204-A1A6-B89BCEC6F0E3}.Release|x86.Build.0 = Release|x86
		{87B5AC6D-4D1C-4236-8AEE-3D0730337530}.Debug|Any CPU.ActiveCfg = Debug|Any CPU
		{87B5AC6D-4D1C-4236-8AEE-3D0730337530}.Debug|Any CPU.Build.0 = Debug|Any CPU
		{87B5AC6D-4D1C-4236-8AEE-3D0730337530}.Debug|Mixed Platforms.ActiveCfg = Debug|Any CPU
		{87B5AC6D-4D1C-4236-8AEE-3D0730337530}.Debug|Mixed Platforms.Build.0 = Debug|Any CPU
		{87B5AC6D-4D1C-4236-8AEE-3D0730337530}.Debug|x86.ActiveCfg = Debug|Any CPU
		{87B5AC6D-4D1C-4236-8AEE-3D0730337530}.Release|Any CPU.ActiveCfg = Release|Any CPU
		{87B5AC6D-4D1C-4236-8AEE-3D0730337530}.Release|Any CPU.Build.0 = Release|Any CPU
		{87B5AC6D-4D1C-4236-8AEE-3D0730337530}.Release|Mixed Platforms.ActiveCfg = Release|Any CPU
		{87B5AC6D-4D1C-4236-8AEE-3D0730337530}.Release|Mixed Platforms.Build.0 = Release|Any CPU
		{87B5AC6D-4D1C-4236-8AEE-3D0730337530}.Release|x86.ActiveCfg = Release|Any CPU
	EndGlobalSection
	GlobalSection(SolutionProperties) = preSolution
		HideSolutionNode = FALSE
	EndGlobalSection
EndGlobal
