
Microsoft Visual Studio Solution File, Format Version 11.00
# Visual Studio 2010
Project("{FAE04EC0-301F-11D3-BF4B-00C04F79EFBC}") = "Client", "Client\Client.csproj", "{BDFE3C13-1CF0-4BB8-AA6E-23599D759CAC}"
EndProject
Project("{FAE04EC0-301F-11D3-BF4B-00C04F79EFBC}") = "RoutingService", "RoutingService\RoutingService.csproj", "{9E8599D7-B82A-4204-A1A6-B89BCEC6F0E3}"
EndProject
Project("{FAE04EC0-301F-11D3-BF4B-00C04F79EFBC}") = "CalculatorService1", "CalculatorService1\CalculatorService1.csproj", "{E3B0AE0E-B7B5-44CA-80C4-DF17CC4DDF54}"
EndProject
Global
	GlobalSection(SolutionConfigurationPlatforms) = preSolution
		Debug|Any CPU = Debug|Any CPU
		Debug|Mixed Platforms = Debug|Mixed Platforms
		Debug|x86 = Debug|x86
		Release|Any CPU = Release|Any CPU
		Release|Mixed Platforms = Release|Mixed Platforms
		Release|x86 = Release|x86
	EndGlobalSection
	GlobalSection(ProjectConfigurationPlatforms) = postSolution
		{BDFE3C13-1CF0-4BB8-AA6E-23599D759CAC}.Debug|Any CPU.ActiveCfg = Debug|x86
		{BDFE3C13-1CF0-4BB8-AA6E-23599D759CAC}.Debug|Mixed Platforms.ActiveCfg = Debug|x86
		{BDFE3C13-1CF0-4BB8-AA6E-23599D759CAC}.Debug|Mixed Platforms.Build.0 = Debug|x86
		{BDFE3C13-1CF0-4BB8-AA6E-23599D759CAC}.Debug|x86.ActiveCfg = Debug|x86
		{BDFE3C13-1CF0-4BB8-AA6E-23599D759CAC}.Debug|x86.Build.0 = Debug|x86
		{BDFE3C13-1CF0-4BB8-AA6E-23599D759CAC}.Release|Any CPU.ActiveCfg = Release|x86
		{BDFE3C13-1CF0-4BB8-AA6E-23599D759CAC}.Release|Mixed Platforms.ActiveCfg = Release|x86
		{BDFE3C13-1CF0-4BB8-AA6E-23599D759CAC}.Release|Mixed Platforms.Build.0 = Release|x86
		{BDFE3C13-1CF0-4BB8-AA6E-23599D759CAC}.Release|x86.ActiveCfg = Release|x86
		{BDFE3C13-1CF0-4BB8-AA6E-23599D759CAC}.Release|x86.Build.0 = Release|x86
		{9E8599D7-B82A-4204-A1A6-B89BCEC6F0E3}.Debug|Any CPU.ActiveCfg = Debug|x86
		{9E8599D7-B82A-4204-A1A6-B89BCEC6F0E3}.Debug|Mixed Platforms.ActiveCfg = Debug|x86
		{9E8599D7-B82A-4204-A1A6-B89BCEC6F0E3}.Debug|Mixed Platforms.Build.0 = Debug|x86
		{9E8599D7-B82A-4204-A1A6-B89BCEC6F0E3}.Debug|x86.ActiveCfg = Debug|x86
		{9E8599D7-B82A-4204-A1A6-B89BCEC6F0E3}.Debug|x86.Build.0 = Debug|x86
		{9E8599D7-B82A-4204-A1A6-B89BCEC6F0E3}.Release|Any CPU.ActiveCfg = Release|x86
		{9E8599D7-B82A-4204-A1A6-B89BCEC6F0E3}.Release|Mixed Platforms.ActiveCfg = Release|x86
		{9E8599D7-B82A-4204-A1A6-B89BCEC6F0E3}.Release|Mixed Platforms.Build.0 = Release|x86
		{9E8599D7-B82A-4204-A1A6-B89BCEC6F0E3}.Release|x86.ActiveCfg = Release|x86
		{9E8599D7-B82A-4204-A1A6-B89BCEC6F0E3}.Release|x86.Build.0 = Release|x86
		{E3B0AE0E-B7B5-44CA-80C4-DF17CC4DDF54}.Debug|Any CPU.ActiveCfg = Debug|x86
		{E3B0AE0E-B7B5-44CA-80C4-DF17CC4DDF54}.Debug|Mixed Platforms.ActiveCfg = Debug|x86
		{E3B0AE0E-B7B5-44CA-80C4-DF17CC4DDF54}.Debug|Mixed Platforms.Build.0 = Debug|x86
		{E3B0AE0E-B7B5-44CA-80C4-DF17CC4DDF54}.Debug|x86.ActiveCfg = Debug|x86
		{E3B0AE0E-B7B5-44CA-80C4-DF17CC4DDF54}.Debug|x86.Build.0 = Debug|x86
		{E3B0AE0E-B7B5-44CA-80C4-DF17CC4DDF54}.Release|Any CPU.ActiveCfg = Release|x86
		{E3B0AE0E-B7B5-44CA-80C4-DF17CC4DDF54}.Release|Mixed Platforms.ActiveCfg = Release|x86
		{E3B0AE0E-B7B5-44CA-80C4-DF17CC4DDF54}.Release|Mixed Platforms.Build.0 = Release|x86
		{E3B0AE0E-B7B5-44CA-80C4-DF17CC4DDF54}.Release|x86.ActiveCfg = Release|x86
		{E3B0AE0E-B7B5-44CA-80C4-DF17CC4DDF54}.Release|x86.Build.0 = Release|x86
	EndGlobalSection
	GlobalSection(SolutionProperties) = preSolution
		HideSolutionNode = FALSE
	EndGlobalSection
EndGlobal
