
Microsoft Visual Studio Solution File, Format Version 11.00
# Visual Studio 2010
Project("{FAE04EC0-301F-11D3-BF4B-00C04F79EFBC}") = "Programmatic", "Programmatic\Programmatic.csproj", "{9015743B-8848-4A76-B3FB-8B4CE7B660AA}"
EndProject
Project("{FAE04EC0-301F-11D3-BF4B-00C04F79EFBC}") = "Configuration", "Configuration\Configuration.csproj", "{A7193796-D360-4D49-B75E-DB77FA7F62F0}"
EndProject
Global
	GlobalSection(SolutionConfigurationPlatforms) = preSolution
		Debug|x86 = Debug|x86
		Release|x86 = Release|x86
	EndGlobalSection
	GlobalSection(ProjectConfigurationPlatforms) = postSolution
		{9015743B-8848-4A76-B3FB-8B4CE7B660AA}.Debug|x86.ActiveCfg = Debug|x86
		{9015743B-8848-4A76-B3FB-8B4CE7B660AA}.Debug|x86.Build.0 = Debug|x86
		{9015743B-8848-4A76-B3FB-8B4CE7B660AA}.Release|x86.ActiveCfg = Release|x86
		{9015743B-8848-4A76-B3FB-8B4CE7B660AA}.Release|x86.Build.0 = Release|x86
		{A7193796-D360-4D49-B75E-DB77FA7F62F0}.Debug|x86.ActiveCfg = Debug|x86
		{A7193796-D360-4D49-B75E-DB77FA7F62F0}.Debug|x86.Build.0 = Debug|x86
		{A7193796-D360-4D49-B75E-DB77FA7F62F0}.Release|x86.ActiveCfg = Release|x86
		{A7193796-D360-4D49-B75E-DB77FA7F62F0}.Release|x86.Build.0 = Release|x86
	EndGlobalSection
	GlobalSection(SolutionProperties) = preSolution
		HideSolutionNode = FALSE
	EndGlobalSection
EndGlobal
